
Microsoft Visual Studio Solution File, Format Version 12.00
# Visual Studio Version 17
VisualStudioVersion = 17.10.34928.147
MinimumVisualStudioVersion = 10.0.40219.1
Project("{FAE04EC0-301F-11D3-BF4B-00C04F79EFBC}") = "DeployBlazorTest", "DeployBlazorTest.csproj", "{E7617281-6FA3-430C-8245-2CF39EE20678}"
EndProject
Global
	GlobalSection(SolutionConfigurationPlatforms) = preSolution
		Debug|Any CPU = Debug|Any CPU
		Release|Any CPU = Release|Any CPU
	EndGlobalSection
	GlobalSection(ProjectConfigurationPlatforms) = postSolution
		{E7617281-6FA3-430C-8245-2CF39EE20678}.Debug|Any CPU.ActiveCfg = Debug|Any CPU
		{E7617281-6FA3-430C-8245-2CF39EE20678}.Debug|Any CPU.Build.0 = Debug|Any CPU
		{E7617281-6FA3-430C-8245-2CF39EE20678}.Release|Any CPU.ActiveCfg = Release|Any CPU
		{E7617281-6FA3-430C-8245-2CF39EE20678}.Release|Any CPU.Build.0 = Release|Any CPU
	EndGlobalSection
	GlobalSection(SolutionProperties) = preSolution
		HideSolutionNode = FALSE
	EndGlobalSection
	GlobalSection(ExtensibilityGlobals) = postSolution
		SolutionGuid = {9D2A8E37-D2D2-487D-ABB8-C32AF550FFD8}
	EndGlobalSection
EndGlobal
